
Microsoft Visual Studio Solution File, Format Version 12.00
# Visual Studio 15
VisualStudioVersion = 15.0.28307.645
MinimumVisualStudioVersion = 10.0.40219.1
Project("{FAE04EC0-301F-11D3-BF4B-00C04F79EFBC}") = "AlarmMonitor", "AlarmMonitor\AlarmMonitor.csproj", "{EFE02542-A223-4444-9D4B-4818ED8ECBE7}"
EndProject
Project("{2150E333-8FDC-42A3-9474-1A3956D46DE8}") = "AlarmMonitorData", "AlarmMonitorData", "{150A134C-9E4D-4E31-8416-E2B08765A65D}"
EndProject
Project("{FAE04EC0-301F-11D3-BF4B-00C04F79EFBC}") = "AlarmMonitor.Data", "AlarmMonitor.Data\AlarmMonitor.Data.csproj", "{153D9CE1-AE22-49F5-A650-0939A4809191}"
EndProject
Global
	GlobalSection(SolutionConfigurationPlatforms) = preSolution
		Debug|Any CPU = Debug|Any CPU
		Release|Any CPU = Release|Any CPU
	EndGlobalSection
	GlobalSection(ProjectConfigurationPlatforms) = postSolution
		{EFE02542-A223-4444-9D4B-4818ED8ECBE7}.Debug|Any CPU.ActiveCfg = Debug|Any CPU
		{EFE02542-A223-4444-9D4B-4818ED8ECBE7}.Debug|Any CPU.Build.0 = Debug|Any CPU
		{EFE02542-A223-4444-9D4B-4818ED8ECBE7}.Release|Any CPU.ActiveCfg = Release|Any CPU
		{EFE02542-A223-4444-9D4B-4818ED8ECBE7}.Release|Any CPU.Build.0 = Release|Any CPU
		{153D9CE1-AE22-49F5-A650-0939A4809191}.Debug|Any CPU.ActiveCfg = Debug|Any CPU
		{153D9CE1-AE22-49F5-A650-0939A4809191}.Debug|Any CPU.Build.0 = Debug|Any CPU
		{153D9CE1-AE22-49F5-A650-0939A4809191}.Release|Any CPU.ActiveCfg = Release|Any CPU
		{153D9CE1-AE22-49F5-A650-0939A4809191}.Release|Any CPU.Build.0 = Release|Any CPU
	EndGlobalSection
	GlobalSection(SolutionProperties) = preSolution
		HideSolutionNode = FALSE
	EndGlobalSection
	GlobalSection(NestedProjects) = preSolution
		{153D9CE1-AE22-49F5-A650-0939A4809191} = {150A134C-9E4D-4E31-8416-E2B08765A65D}
	EndGlobalSection
	GlobalSection(ExtensibilityGlobals) = postSolution
		SolutionGuid = {0E4245D4-BB97-46F8-9E5E-76EEF267533C}
	EndGlobalSection
EndGlobal
